
Microsoft Visual Studio Solution File, Format Version 12.00
# Visual Studio 15
VisualStudioVersion = 15.0.26730.3
MinimumVisualStudioVersion = 10.0.40219.1
Project("{FAE04EC0-301F-11D3-BF4B-00C04F79EFBC}") = "Jackett", "Jackett\Jackett.csproj", "{AD3096CB-C3F0-4E44-B917-ED8D0FB7CD72}"
EndProject
Project("{FAE04EC0-301F-11D3-BF4B-00C04F79EFBC}") = "Jackett.Web", "Jackett.Web\Jackett.Web.csproj", "{095E961B-37EE-44EB-9666-098F9FB5B60B}"
EndProject
Global
	GlobalSection(SolutionConfigurationPlatforms) = preSolution
		Debug|Any CPU = Debug|Any CPU
		Release|Any CPU = Release|Any CPU
	EndGlobalSection
	GlobalSection(ProjectConfigurationPlatforms) = postSolution
		{AD3096CB-C3F0-4E44-B917-ED8D0FB7CD72}.Debug|Any CPU.ActiveCfg = Debug|Any CPU
		{AD3096CB-C3F0-4E44-B917-ED8D0FB7CD72}.Debug|Any CPU.Build.0 = Debug|Any CPU
		{AD3096CB-C3F0-4E44-B917-ED8D0FB7CD72}.Release|Any CPU.ActiveCfg = Release|Any CPU
		{AD3096CB-C3F0-4E44-B917-ED8D0FB7CD72}.Release|Any CPU.Build.0 = Release|Any CPU
		{095E961B-37EE-44EB-9666-098F9FB5B60B}.Debug|Any CPU.ActiveCfg = Debug|Any CPU
		{095E961B-37EE-44EB-9666-098F9FB5B60B}.Debug|Any CPU.Build.0 = Debug|Any CPU
		{095E961B-37EE-44EB-9666-098F9FB5B60B}.Release|Any CPU.ActiveCfg = Release|Any CPU
		{095E961B-37EE-44EB-9666-098F9FB5B60B}.Release|Any CPU.Build.0 = Release|Any CPU
	EndGlobalSection
	GlobalSection(SolutionProperties) = preSolution
		HideSolutionNode = FALSE
	EndGlobalSection
	GlobalSection(ExtensibilityGlobals) = postSolution
		SolutionGuid = {6693D0A5-6C92-433D-8943-1E73A5DD1054}
	EndGlobalSection
EndGlobal
